
Microsoft Visual Studio Solution File, Format Version 12.00
# Visual Studio 15
VisualStudioVersion = 15.0.26124.0
MinimumVisualStudioVersion = 15.0.26124.0
Project("{2150E333-8FDC-42A3-9474-1A3956D46DE8}") = "src", "src", "{B04C7228-FAC1-488B-97FB-518A0F4E3D62}"
EndProject
Project("{FAE04EC0-301F-11D3-BF4B-00C04F79EFBC}") = "GradeBook", "src\GradeBook\GradeBook.csproj", "{F210D55B-264E-4113-8BF4-EAAAA6CA56C1}"
EndProject
Project("{2150E333-8FDC-42A3-9474-1A3956D46DE8}") = "test", "test", "{348E9102-A083-4EF3-9E56-37BCE59A19D5}"
EndProject
Project("{FAE04EC0-301F-11D3-BF4B-00C04F79EFBC}") = "GradeBook.Tests", "test\GradeBook.Tests\GradeBook.Tests.csproj", "{C3A75749-74EF-4753-BDCD-8D4C4AE83668}"
EndProject
Global
	GlobalSection(SolutionConfigurationPlatforms) = preSolution
		Debug|Any CPU = Debug|Any CPU
		Debug|x64 = Debug|x64
		Debug|x86 = Debug|x86
		Release|Any CPU = Release|Any CPU
		Release|x64 = Release|x64
		Release|x86 = Release|x86
	EndGlobalSection
	GlobalSection(SolutionProperties) = preSolution
		HideSolutionNode = FALSE
	EndGlobalSection
	GlobalSection(ProjectConfigurationPlatforms) = postSolution
		{F210D55B-264E-4113-8BF4-EAAAA6CA56C1}.Debug|Any CPU.ActiveCfg = Debug|Any CPU
		{F210D55B-264E-4113-8BF4-EAAAA6CA56C1}.Debug|Any CPU.Build.0 = Debug|Any CPU
		{F210D55B-264E-4113-8BF4-EAAAA6CA56C1}.Debug|x64.ActiveCfg = Debug|Any CPU
		{F210D55B-264E-4113-8BF4-EAAAA6CA56C1}.Debug|x64.Build.0 = Debug|Any CPU
		{F210D55B-264E-4113-8BF4-EAAAA6CA56C1}.Debug|x86.ActiveCfg = Debug|Any CPU
		{F210D55B-264E-4113-8BF4-EAAAA6CA56C1}.Debug|x86.Build.0 = Debug|Any CPU
		{F210D55B-264E-4113-8BF4-EAAAA6CA56C1}.Release|Any CPU.ActiveCfg = Release|Any CPU
		{F210D55B-264E-4113-8BF4-EAAAA6CA56C1}.Release|Any CPU.Build.0 = Release|Any CPU
		{F210D55B-264E-4113-8BF4-EAAAA6CA56C1}.Release|x64.ActiveCfg = Release|Any CPU
		{F210D55B-264E-4113-8BF4-EAAAA6CA56C1}.Release|x64.Build.0 = Release|Any CPU
		{F210D55B-264E-4113-8BF4-EAAAA6CA56C1}.Release|x86.ActiveCfg = Release|Any CPU
		{F210D55B-264E-4113-8BF4-EAAAA6CA56C1}.Release|x86.Build.0 = Release|Any CPU
		{C3A75749-74EF-4753-BDCD-8D4C4AE83668}.Debug|Any CPU.ActiveCfg = Debug|Any CPU
		{C3A75749-74EF-4753-BDCD-8D4C4AE83668}.Debug|Any CPU.Build.0 = Debug|Any CPU
		{C3A75749-74EF-4753-BDCD-8D4C4AE83668}.Debug|x64.ActiveCfg = Debug|Any CPU
		{C3A75749-74EF-4753-BDCD-8D4C4AE83668}.Debug|x64.Build.0 = Debug|Any CPU
		{C3A75749-74EF-4753-BDCD-8D4C4AE83668}.Debug|x86.ActiveCfg = Debug|Any CPU
		{C3A75749-74EF-4753-BDCD-8D4C4AE83668}.Debug|x86.Build.0 = Debug|Any CPU
		{C3A75749-74EF-4753-BDCD-8D4C4AE83668}.Release|Any CPU.ActiveCfg = Release|Any CPU
		{C3A75749-74EF-4753-BDCD-8D4C4AE83668}.Release|Any CPU.Build.0 = Release|Any CPU
		{C3A75749-74EF-4753-BDCD-8D4C4AE83668}.Release|x64.ActiveCfg = Release|Any CPU
		{C3A75749-74EF-4753-BDCD-8D4C4AE83668}.Release|x64.Build.0 = Release|Any CPU
		{C3A75749-74EF-4753-BDCD-8D4C4AE83668}.Release|x86.ActiveCfg = Release|Any CPU
		{C3A75749-74EF-4753-BDCD-8D4C4AE83668}.Release|x86.Build.0 = Release|Any CPU
	EndGlobalSection
	GlobalSection(NestedProjects) = preSolution
		{F210D55B-264E-4113-8BF4-EAAAA6CA56C1} = {B04C7228-FAC1-488B-97FB-518A0F4E3D62}
		{C3A75749-74EF-4753-BDCD-8D4C4AE83668} = {348E9102-A083-4EF3-9E56-37BCE59A19D5}
	EndGlobalSection
EndGlobal
